
Microsoft Visual Studio Solution File, Format Version 12.00
# Visual Studio 15
VisualStudioVersion = 15.0.26124.0
MinimumVisualStudioVersion = 15.0.26124.0
Project("{FAE04EC0-301F-11D3-BF4B-00C04F79EFBC}") = "ProAgil.Domain", "ProAgil.Domain\ProAgil.Domain.csproj", "{F756DFF0-B018-4D88-A512-01BAD5740C45}"
EndProject
Project("{FAE04EC0-301F-11D3-BF4B-00C04F79EFBC}") = "ProAgil.Repository", "ProAgil.Repository\ProAgil.Repository.csproj", "{6753265F-51DF-4E1B-A1C1-DE8E76ED7962}"
EndProject
Project("{FAE04EC0-301F-11D3-BF4B-00C04F79EFBC}") = "ProAgil.WEBAPI", "ProAgil.WEBAPI\ProAgil.WEBAPI.csproj", "{79A4FDE7-6EF2-4EE5-A71D-C8969E8BB1AA}"
EndProject
Global
	GlobalSection(SolutionConfigurationPlatforms) = preSolution
		Debug|Any CPU = Debug|Any CPU
		Debug|x64 = Debug|x64
		Debug|x86 = Debug|x86
		Release|Any CPU = Release|Any CPU
		Release|x64 = Release|x64
		Release|x86 = Release|x86
	EndGlobalSection
	GlobalSection(SolutionProperties) = preSolution
		HideSolutionNode = FALSE
	EndGlobalSection
	GlobalSection(ProjectConfigurationPlatforms) = postSolution
		{F756DFF0-B018-4D88-A512-01BAD5740C45}.Debug|Any CPU.ActiveCfg = Debug|Any CPU
		{F756DFF0-B018-4D88-A512-01BAD5740C45}.Debug|Any CPU.Build.0 = Debug|Any CPU
		{F756DFF0-B018-4D88-A512-01BAD5740C45}.Debug|x64.ActiveCfg = Debug|Any CPU
		{F756DFF0-B018-4D88-A512-01BAD5740C45}.Debug|x64.Build.0 = Debug|Any CPU
		{F756DFF0-B018-4D88-A512-01BAD5740C45}.Debug|x86.ActiveCfg = Debug|Any CPU
		{F756DFF0-B018-4D88-A512-01BAD5740C45}.Debug|x86.Build.0 = Debug|Any CPU
		{F756DFF0-B018-4D88-A512-01BAD5740C45}.Release|Any CPU.ActiveCfg = Release|Any CPU
		{F756DFF0-B018-4D88-A512-01BAD5740C45}.Release|Any CPU.Build.0 = Release|Any CPU
		{F756DFF0-B018-4D88-A512-01BAD5740C45}.Release|x64.ActiveCfg = Release|Any CPU
		{F756DFF0-B018-4D88-A512-01BAD5740C45}.Release|x64.Build.0 = Release|Any CPU
		{F756DFF0-B018-4D88-A512-01BAD5740C45}.Release|x86.ActiveCfg = Release|Any CPU
		{F756DFF0-B018-4D88-A512-01BAD5740C45}.Release|x86.Build.0 = Release|Any CPU
		{6753265F-51DF-4E1B-A1C1-DE8E76ED7962}.Debug|Any CPU.ActiveCfg = Debug|Any CPU
		{6753265F-51DF-4E1B-A1C1-DE8E76ED7962}.Debug|Any CPU.Build.0 = Debug|Any CPU
		{6753265F-51DF-4E1B-A1C1-DE8E76ED7962}.Debug|x64.ActiveCfg = Debug|Any CPU
		{6753265F-51DF-4E1B-A1C1-DE8E76ED7962}.Debug|x64.Build.0 = Debug|Any CPU
		{6753265F-51DF-4E1B-A1C1-DE8E76ED7962}.Debug|x86.ActiveCfg = Debug|Any CPU
		{6753265F-51DF-4E1B-A1C1-DE8E76ED7962}.Debug|x86.Build.0 = Debug|Any CPU
		{6753265F-51DF-4E1B-A1C1-DE8E76ED7962}.Release|Any CPU.ActiveCfg = Release|Any CPU
		{6753265F-51DF-4E1B-A1C1-DE8E76ED7962}.Release|Any CPU.Build.0 = Release|Any CPU
		{6753265F-51DF-4E1B-A1C1-DE8E76ED7962}.Release|x64.ActiveCfg = Release|Any CPU
		{6753265F-51DF-4E1B-A1C1-DE8E76ED7962}.Release|x64.Build.0 = Release|Any CPU
		{6753265F-51DF-4E1B-A1C1-DE8E76ED7962}.Release|x86.ActiveCfg = Release|Any CPU
		{6753265F-51DF-4E1B-A1C1-DE8E76ED7962}.Release|x86.Build.0 = Release|Any CPU
		{79A4FDE7-6EF2-4EE5-A71D-C8969E8BB1AA}.Debug|Any CPU.ActiveCfg = Debug|Any CPU
		{79A4FDE7-6EF2-4EE5-A71D-C8969E8BB1AA}.Debug|Any CPU.Build.0 = Debug|Any CPU
		{79A4FDE7-6EF2-4EE5-A71D-C8969E8BB1AA}.Debug|x64.ActiveCfg = Debug|Any CPU
		{79A4FDE7-6EF2-4EE5-A71D-C8969E8BB1AA}.Debug|x64.Build.0 = Debug|Any CPU
		{79A4FDE7-6EF2-4EE5-A71D-C8969E8BB1AA}.Debug|x86.ActiveCfg = Debug|Any CPU
		{79A4FDE7-6EF2-4EE5-A71D-C8969E8BB1AA}.Debug|x86.Build.0 = Debug|Any CPU
		{79A4FDE7-6EF2-4EE5-A71D-C8969E8BB1AA}.Release|Any CPU.ActiveCfg = Release|Any CPU
		{79A4FDE7-6EF2-4EE5-A71D-C8969E8BB1AA}.Release|Any CPU.Build.0 = Release|Any CPU
		{79A4FDE7-6EF2-4EE5-A71D-C8969E8BB1AA}.Release|x64.ActiveCfg = Release|Any CPU
		{79A4FDE7-6EF2-4EE5-A71D-C8969E8BB1AA}.Release|x64.Build.0 = Release|Any CPU
		{79A4FDE7-6EF2-4EE5-A71D-C8969E8BB1AA}.Release|x86.ActiveCfg = Release|Any CPU
		{79A4FDE7-6EF2-4EE5-A71D-C8969E8BB1AA}.Release|x86.Build.0 = Release|Any CPU
	EndGlobalSection
EndGlobal
